// !$*UTF8*$!
{
	archiveVersion = 1;
	classes = {
	};
	objectVersion = 56;
	objects = {

/* Begin PBXBuildFile section */
		96B66FBE29739A9600363506 /* KlimaApp.swift in Sources */ = {isa = PBXBuildFile; fileRef = 96B66FBD29739A9600363506 /* KlimaApp.swift */; };
		96B66FC029739A9600363506 /* ContentView.swift in Sources */ = {isa = PBXBuildFile; fileRef = 96B66FBF29739A9600363506 /* ContentView.swift */; };
		96B66FC229739A9A00363506 /* Assets.xcassets in Resources */ = {isa = PBXBuildFile; fileRef = 96B66FC129739A9A00363506 /* Assets.xcassets */; };
		96B66FC529739A9A00363506 /* Preview Assets.xcassets in Resources */ = {isa = PBXBuildFile; fileRef = 96B66FC429739A9A00363506 /* Preview Assets.xcassets */; };
		96B66FCF29739A9A00363506 /* KlimaTests.swift in Sources */ = {isa = PBXBuildFile; fileRef = 96B66FCE29739A9A00363506 /* KlimaTests.swift */; };
		96B66FD929739A9A00363506 /* KlimaUITests.swift in Sources */ = {isa = PBXBuildFile; fileRef = 96B66FD829739A9A00363506 /* KlimaUITests.swift */; };
		96B66FDB29739A9A00363506 /* KlimaUITestsLaunchTests.swift in Sources */ = {isa = PBXBuildFile; fileRef = 96B66FDA29739A9A00363506 /* KlimaUITestsLaunchTests.swift */; };
		96B66FE829739E8800363506 /* EndpointTests.swift in Sources */ = {isa = PBXBuildFile; fileRef = 96B66FE729739E8800363506 /* EndpointTests.swift */; };
		96B66FEB29739F6E00363506 /* Endpoint.swift in Sources */ = {isa = PBXBuildFile; fileRef = 96B66FEA29739F6E00363506 /* Endpoint.swift */; };
		96B66FED2974881100363506 /* HTTPClientTests.swift in Sources */ = {isa = PBXBuildFile; fileRef = 96B66FEC2974881100363506 /* HTTPClientTests.swift */; };
		96B66FEF29748A3300363506 /* HTTPClient.swift in Sources */ = {isa = PBXBuildFile; fileRef = 96B66FEE29748A3300363506 /* HTTPClient.swift */; };
		96B66FF129748C2500363506 /* NetworkError.swift in Sources */ = {isa = PBXBuildFile; fileRef = 96B66FF029748C2500363506 /* NetworkError.swift */; };
		96B66FF429748DE300363506 /* MockURLSession.swift in Sources */ = {isa = PBXBuildFile; fileRef = 96B66FF329748DE300363506 /* MockURLSession.swift */; };
		96B66FF729749AF600363506 /* WeatherResponse.swift in Sources */ = {isa = PBXBuildFile; fileRef = 96B66FF629749AF600363506 /* WeatherResponse.swift */; };
		96B66FF92974A34300363506 /* NetworkResponse.swift in Sources */ = {isa = PBXBuildFile; fileRef = 96B66FF82974A34300363506 /* NetworkResponse.swift */; };
		96B66FFD2974C88B00363506 /* WeatherView.swift in Sources */ = {isa = PBXBuildFile; fileRef = 96B66FFC2974C88B00363506 /* WeatherView.swift */; };
		96B66FFF2974EB8800363506 /* WeatherViewModelTests.swift in Sources */ = {isa = PBXBuildFile; fileRef = 96B66FFE2974EB8800363506 /* WeatherViewModelTests.swift */; };
		96B670022974EE1200363506 /* WeatherViewModel.swift in Sources */ = {isa = PBXBuildFile; fileRef = 96B670012974EE1200363506 /* WeatherViewModel.swift */; };
		96B670042974F0BC00363506 /* JSONMapper.swift in Sources */ = {isa = PBXBuildFile; fileRef = 96B670032974F0BC00363506 /* JSONMapper.swift */; };
/* End PBXBuildFile section */

/* Begin PBXContainerItemProxy section */
		96B66FCB29739A9A00363506 /* PBXContainerItemProxy */ = {
			isa = PBXContainerItemProxy;
			containerPortal = 96B66FB229739A9600363506 /* Project object */;
			proxyType = 1;
			remoteGlobalIDString = 96B66FB929739A9600363506;
			remoteInfo = Klima;
		};
		96B66FD529739A9A00363506 /* PBXContainerItemProxy */ = {
			isa = PBXContainerItemProxy;
			containerPortal = 96B66FB229739A9600363506 /* Project object */;
			proxyType = 1;
			remoteGlobalIDString = 96B66FB929739A9600363506;
			remoteInfo = Klima;
		};
/* End PBXContainerItemProxy section */

/* Begin PBXFileReference section */
		96B66FBA29739A9600363506 /* Klima.app */ = {isa = PBXFileReference; explicitFileType = wrapper.application; includeInIndex = 0; path = Klima.app; sourceTree = BUILT_PRODUCTS_DIR; };
		96B66FBD29739A9600363506 /* KlimaApp.swift */ = {isa = PBXFileReference; lastKnownFileType = sourcecode.swift; path = KlimaApp.swift; sourceTree = "<group>"; };
		96B66FBF29739A9600363506 /* ContentView.swift */ = {isa = PBXFileReference; lastKnownFileType = sourcecode.swift; path = ContentView.swift; sourceTree = "<group>"; };
		96B66FC129739A9A00363506 /* Assets.xcassets */ = {isa = PBXFileReference; lastKnownFileType = folder.assetcatalog; path = Assets.xcassets; sourceTree = "<group>"; };
		96B66FC429739A9A00363506 /* Preview Assets.xcassets */ = {isa = PBXFileReference; lastKnownFileType = folder.assetcatalog; path = "Preview Assets.xcassets"; sourceTree = "<group>"; };
		96B66FCA29739A9A00363506 /* KlimaTests.xctest */ = {isa = PBXFileReference; explicitFileType = wrapper.cfbundle; includeInIndex = 0; path = KlimaTests.xctest; sourceTree = BUILT_PRODUCTS_DIR; };
		96B66FCE29739A9A00363506 /* KlimaTests.swift */ = {isa = PBXFileReference; lastKnownFileType = sourcecode.swift; path = KlimaTests.swift; sourceTree = "<group>"; };
		96B66FD429739A9A00363506 /* KlimaUITests.xctest */ = {isa = PBXFileReference; explicitFileType = wrapper.cfbundle; includeInIndex = 0; path = KlimaUITests.xctest; sourceTree = BUILT_PRODUCTS_DIR; };
		96B66FD829739A9A00363506 /* KlimaUITests.swift */ = {isa = PBXFileReference; lastKnownFileType = sourcecode.swift; path = KlimaUITests.swift; sourceTree = "<group>"; };
		96B66FDA29739A9A00363506 /* KlimaUITestsLaunchTests.swift */ = {isa = PBXFileReference; lastKnownFileType = sourcecode.swift; path = KlimaUITestsLaunchTests.swift; sourceTree = "<group>"; };
		96B66FE729739E8800363506 /* EndpointTests.swift */ = {isa = PBXFileReference; lastKnownFileType = sourcecode.swift; path = EndpointTests.swift; sourceTree = "<group>"; };
		96B66FEA29739F6E00363506 /* Endpoint.swift */ = {isa = PBXFileReference; lastKnownFileType = sourcecode.swift; path = Endpoint.swift; sourceTree = "<group>"; };
		96B66FEC2974881100363506 /* HTTPClientTests.swift */ = {isa = PBXFileReference; lastKnownFileType = sourcecode.swift; path = HTTPClientTests.swift; sourceTree = "<group>"; };
		96B66FEE29748A3300363506 /* HTTPClient.swift */ = {isa = PBXFileReference; lastKnownFileType = sourcecode.swift; path = HTTPClient.swift; sourceTree = "<group>"; };
		96B66FF029748C2500363506 /* NetworkError.swift */ = {isa = PBXFileReference; lastKnownFileType = sourcecode.swift; path = NetworkError.swift; sourceTree = "<group>"; };
		96B66FF329748DE300363506 /* MockURLSession.swift */ = {isa = PBXFileReference; lastKnownFileType = sourcecode.swift; path = MockURLSession.swift; sourceTree = "<group>"; };
		96B66FF629749AF600363506 /* WeatherResponse.swift */ = {isa = PBXFileReference; lastKnownFileType = sourcecode.swift; path = WeatherResponse.swift; sourceTree = "<group>"; };
		96B66FF82974A34300363506 /* NetworkResponse.swift */ = {isa = PBXFileReference; lastKnownFileType = sourcecode.swift; path = NetworkResponse.swift; sourceTree = "<group>"; };
		96B66FFC2974C88B00363506 /* WeatherView.swift */ = {isa = PBXFileReference; lastKnownFileType = sourcecode.swift; path = WeatherView.swift; sourceTree = "<group>"; };
		96B66FFE2974EB8800363506 /* WeatherViewModelTests.swift */ = {isa = PBXFileReference; lastKnownFileType = sourcecode.swift; path = WeatherViewModelTests.swift; sourceTree = "<group>"; };
		96B670012974EE1200363506 /* WeatherViewModel.swift */ = {isa = PBXFileReference; lastKnownFileType = sourcecode.swift; path = WeatherViewModel.swift; sourceTree = "<group>"; };
		96B670032974F0BC00363506 /* JSONMapper.swift */ = {isa = PBXFileReference; lastKnownFileType = sourcecode.swift; path = JSONMapper.swift; sourceTree = "<group>"; };
/* End PBXFileReference section */

/* Begin PBXFrameworksBuildPhase section */
		96B66FB729739A9600363506 /* Frameworks */ = {
			isa = PBXFrameworksBuildPhase;
			buildActionMask = 2147483647;
			files = (
			);
			runOnlyForDeploymentPostprocessing = 0;
		};
		96B66FC729739A9A00363506 /* Frameworks */ = {
			isa = PBXFrameworksBuildPhase;
			buildActionMask = 2147483647;
			files = (
			);
			runOnlyForDeploymentPostprocessing = 0;
		};
		96B66FD129739A9A00363506 /* Frameworks */ = {
			isa = PBXFrameworksBuildPhase;
			buildActionMask = 2147483647;
			files = (
			);
			runOnlyForDeploymentPostprocessing = 0;
		};
/* End PBXFrameworksBuildPhase section */

/* Begin PBXGroup section */
		96B66FB129739A9600363506 = {
			isa = PBXGroup;
			children = (
				96B66FBC29739A9600363506 /* Klima */,
				96B66FCD29739A9A00363506 /* KlimaTests */,
				96B66FD729739A9A00363506 /* KlimaUITests */,
				96B66FBB29739A9600363506 /* Products */,
			);
			sourceTree = "<group>";
		};
		96B66FBB29739A9600363506 /* Products */ = {
			isa = PBXGroup;
			children = (
				96B66FBA29739A9600363506 /* Klima.app */,
				96B66FCA29739A9A00363506 /* KlimaTests.xctest */,
				96B66FD429739A9A00363506 /* KlimaUITests.xctest */,
			);
			name = Products;
			sourceTree = "<group>";
		};
		96B66FBC29739A9600363506 /* Klima */ = {
			isa = PBXGroup;
			children = (
				96B670002974EDFC00363506 /* ViewModels */,
				96B66FFB2974C82600363506 /* Screens */,
				96B66FFA2974C81700363506 /* Views */,
				96B66FF529749ADC00363506 /* Model */,
				96B66FE929739F5100363506 /* Networking */,
				96B66FBD29739A9600363506 /* KlimaApp.swift */,
				96B66FBF29739A9600363506 /* ContentView.swift */,
				96B66FC129739A9A00363506 /* Assets.xcassets */,
				96B66FC329739A9A00363506 /* Preview Content */,
			);
			path = Klima;
			sourceTree = "<group>";
		};
		96B66FC329739A9A00363506 /* Preview Content */ = {
			isa = PBXGroup;
			children = (
				96B66FC429739A9A00363506 /* Preview Assets.xcassets */,
			);
			path = "Preview Content";
			sourceTree = "<group>";
		};
		96B66FCD29739A9A00363506 /* KlimaTests */ = {
			isa = PBXGroup;
			children = (
				96B66FF229748DA900363506 /* Mock */,
				96B66FCE29739A9A00363506 /* KlimaTests.swift */,
				96B66FE729739E8800363506 /* EndpointTests.swift */,
				96B66FEC2974881100363506 /* HTTPClientTests.swift */,
				96B66FFE2974EB8800363506 /* WeatherViewModelTests.swift */,
				96B670032974F0BC00363506 /* JSONMapper.swift */,
			);
			path = KlimaTests;
			sourceTree = "<group>";
		};
		96B66FD729739A9A00363506 /* KlimaUITests */ = {
			isa = PBXGroup;
			children = (
				96B66FD829739A9A00363506 /* KlimaUITests.swift */,
				96B66FDA29739A9A00363506 /* KlimaUITestsLaunchTests.swift */,
			);
			path = KlimaUITests;
			sourceTree = "<group>";
		};
		96B66FE929739F5100363506 /* Networking */ = {
			isa = PBXGroup;
			children = (
				96B66FEA29739F6E00363506 /* Endpoint.swift */,
				96B66FEE29748A3300363506 /* HTTPClient.swift */,
				96B66FF029748C2500363506 /* NetworkError.swift */,
			);
			path = Networking;
			sourceTree = "<group>";
		};
		96B66FF229748DA900363506 /* Mock */ = {
			isa = PBXGroup;
			children = (
				96B66FF329748DE300363506 /* MockURLSession.swift */,
				96B66FF82974A34300363506 /* NetworkResponse.swift */,
			);
			path = Mock;
			sourceTree = "<group>";
		};
		96B66FF529749ADC00363506 /* Model */ = {
			isa = PBXGroup;
			children = (
				96B66FF629749AF600363506 /* WeatherResponse.swift */,
			);
			path = Model;
			sourceTree = "<group>";
		};
		96B66FFA2974C81700363506 /* Views */ = {
			isa = PBXGroup;
			children = (
				96B66FFC2974C88B00363506 /* WeatherView.swift */,
			);
			path = Views;
			sourceTree = "<group>";
		};
		96B66FFB2974C82600363506 /* Screens */ = {
			isa = PBXGroup;
			children = (
			);
			path = Screens;
			sourceTree = "<group>";
		};
		96B670002974EDFC00363506 /* ViewModels */ = {
			isa = PBXGroup;
			children = (
				96B670012974EE1200363506 /* WeatherViewModel.swift */,
			);
			path = ViewModels;
			sourceTree = "<group>";
		};
/* End PBXGroup section */

/* Begin PBXNativeTarget section */
		96B66FB929739A9600363506 /* Klima */ = {
			isa = PBXNativeTarget;
			buildConfigurationList = 96B66FDE29739A9A00363506 /* Build configuration list for PBXNativeTarget "Klima" */;
			buildPhases = (
				96B66FB629739A9600363506 /* Sources */,
				96B66FB729739A9600363506 /* Frameworks */,
				96B66FB829739A9600363506 /* Resources */,
			);
			buildRules = (
			);
			dependencies = (
			);
			name = Klima;
			productName = Klima;
			productReference = 96B66FBA29739A9600363506 /* Klima.app */;
			productType = "com.apple.product-type.application";
		};
		96B66FC929739A9A00363506 /* KlimaTests */ = {
			isa = PBXNativeTarget;
			buildConfigurationList = 96B66FE129739A9A00363506 /* Build configuration list for PBXNativeTarget "KlimaTests" */;
			buildPhases = (
				96B66FC629739A9A00363506 /* Sources */,
				96B66FC729739A9A00363506 /* Frameworks */,
				96B66FC829739A9A00363506 /* Resources */,
			);
			buildRules = (
			);
			dependencies = (
				96B66FCC29739A9A00363506 /* PBXTargetDependency */,
			);
			name = KlimaTests;
			productName = KlimaTests;
			productReference = 96B66FCA29739A9A00363506 /* KlimaTests.xctest */;
			productType = "com.apple.product-type.bundle.unit-test";
		};
		96B66FD329739A9A00363506 /* KlimaUITests */ = {
			isa = PBXNativeTarget;
			buildConfigurationList = 96B66FE429739A9A00363506 /* Build configuration list for PBXNativeTarget "KlimaUITests" */;
			buildPhases = (
				96B66FD029739A9A00363506 /* Sources */,
				96B66FD129739A9A00363506 /* Frameworks */,
				96B66FD229739A9A00363506 /* Resources */,
			);
			buildRules = (
			);
			dependencies = (
				96B66FD629739A9A00363506 /* PBXTargetDependency */,
			);
			name = KlimaUITests;
			productName = KlimaUITests;
			productReference = 96B66FD429739A9A00363506 /* KlimaUITests.xctest */;
			productType = "com.apple.product-type.bundle.ui-testing";
		};
/* End PBXNativeTarget section */

/* Begin PBXProject section */
		96B66FB229739A9600363506 /* Project object */ = {
			isa = PBXProject;
			attributes = {
				BuildIndependentTargetsInParallel = 1;
				LastSwiftUpdateCheck = 1420;
				LastUpgradeCheck = 1420;
				TargetAttributes = {
					96B66FB929739A9600363506 = {
						CreatedOnToolsVersion = 14.2;
					};
					96B66FC929739A9A00363506 = {
						CreatedOnToolsVersion = 14.2;
						TestTargetID = 96B66FB929739A9600363506;
					};
					96B66FD329739A9A00363506 = {
						CreatedOnToolsVersion = 14.2;
						TestTargetID = 96B66FB929739A9600363506;
					};
				};
			};
			buildConfigurationList = 96B66FB529739A9600363506 /* Build configuration list for PBXProject "Klima" */;
			compatibilityVersion = "Xcode 14.0";
			developmentRegion = en;
			hasScannedForEncodings = 0;
			knownRegions = (
				en,
				Base,
			);
			mainGroup = 96B66FB129739A9600363506;
			productRefGroup = 96B66FBB29739A9600363506 /* Products */;
			projectDirPath = "";
			projectRoot = "";
			targets = (
				96B66FB929739A9600363506 /* Klima */,
				96B66FC929739A9A00363506 /* KlimaTests */,
				96B66FD329739A9A00363506 /* KlimaUITests */,
			);
		};
/* End PBXProject section */

/* Begin PBXResourcesBuildPhase section */
		96B66FB829739A9600363506 /* Resources */ = {
			isa = PBXResourcesBuildPhase;
			buildActionMask = 2147483647;
			files = (
				96B66FC529739A9A00363506 /* Preview Assets.xcassets in Resources */,
				96B66FC229739A9A00363506 /* Assets.xcassets in Resources */,
			);
			runOnlyForDeploymentPostprocessing = 0;
		};
		96B66FC829739A9A00363506 /* Resources */ = {
			isa = PBXResourcesBuildPhase;
			buildActionMask = 2147483647;
			files = (
			);
			runOnlyForDeploymentPostprocessing = 0;
		};
		96B66FD229739A9A00363506 /* Resources */ = {
			isa = PBXResourcesBuildPhase;
			buildActionMask = 2147483647;
			files = (
			);
			runOnlyForDeploymentPostprocessing = 0;
		};
/* End PBXResourcesBuildPhase section */

/* Begin PBXSourcesBuildPhase section */
		96B66FB629739A9600363506 /* Sources */ = {
			isa = PBXSourcesBuildPhase;
			buildActionMask = 2147483647;
			files = (
				96B66FC029739A9600363506 /* ContentView.swift in Sources */,
				96B66FF729749AF600363506 /* WeatherResponse.swift in Sources */,
				96B66FEB29739F6E00363506 /* Endpoint.swift in Sources */,
				96B66FEF29748A3300363506 /* HTTPClient.swift in Sources */,
				96B66FBE29739A9600363506 /* KlimaApp.swift in Sources */,
				96B670022974EE1200363506 /* WeatherViewModel.swift in Sources */,
				96B66FFD2974C88B00363506 /* WeatherView.swift in Sources */,
				96B66FF129748C2500363506 /* NetworkError.swift in Sources */,
			);
			runOnlyForDeploymentPostprocessing = 0;
		};
		96B66FC629739A9A00363506 /* Sources */ = {
			isa = PBXSourcesBuildPhase;
			buildActionMask = 2147483647;
			files = (
				96B66FF429748DE300363506 /* MockURLSession.swift in Sources */,
				96B66FE829739E8800363506 /* EndpointTests.swift in Sources */,
				96B66FCF29739A9A00363506 /* KlimaTests.swift in Sources */,
				96B66FF92974A34300363506 /* NetworkResponse.swift in Sources */,
				96B66FED2974881100363506 /* HTTPClientTests.swift in Sources */,
				96B670042974F0BC00363506 /* JSONMapper.swift in Sources */,
				96B66FFF2974EB8800363506 /* WeatherViewModelTests.swift in Sources */,
			);
			runOnlyForDeploymentPostprocessing = 0;
		};
		96B66FD029739A9A00363506 /* Sources */ = {
			isa = PBXSourcesBuildPhase;
			buildActionMask = 2147483647;
			files = (
				96B66FD929739A9A00363506 /* KlimaUITests.swift in Sources */,
				96B66FDB29739A9A00363506 /* KlimaUITestsLaunchTests.swift in Sources */,
			);
			runOnlyForDeploymentPostprocessing = 0;
		};
/* End PBXSourcesBuildPhase section */

/* Begin PBXTargetDependency section */
		96B66FCC29739A9A00363506 /* PBXTargetDependency */ = {
			isa = PBXTargetDependency;
			target = 96B66FB929739A9600363506 /* Klima */;
			targetProxy = 96B66FCB29739A9A00363506 /* PBXContainerItemProxy */;
		};
		96B66FD629739A9A00363506 /* PBXTargetDependency */ = {
			isa = PBXTargetDependency;
			target = 96B66FB929739A9600363506 /* Klima */;
			targetProxy = 96B66FD529739A9A00363506 /* PBXContainerItemProxy */;
		};
/* End PBXTargetDependency section */

/* Begin XCBuildConfiguration section */
		96B66FDC29739A9A00363506 /* Debug */ = {
			isa = XCBuildConfiguration;
			buildSettings = {
				ALWAYS_SEARCH_USER_PATHS = NO;
				CLANG_ANALYZER_NONNULL = YES;
				CLANG_ANALYZER_NUMBER_OBJECT_CONVERSION = YES_AGGRESSIVE;
				CLANG_CXX_LANGUAGE_STANDARD = "gnu++20";
				CLANG_ENABLE_MODULES = YES;
				CLANG_ENABLE_OBJC_ARC = YES;
				CLANG_ENABLE_OBJC_WEAK = YES;
				CLANG_WARN_BLOCK_CAPTURE_AUTORELEASING = YES;
				CLANG_WARN_BOOL_CONVERSION = YES;
				CLANG_WARN_COMMA = YES;
				CLANG_WARN_CONSTANT_CONVERSION = YES;
				CLANG_WARN_DEPRECATED_OBJC_IMPLEMENTATIONS = YES;
				CLANG_WARN_DIRECT_OBJC_ISA_USAGE = YES_ERROR;
				CLANG_WARN_DOCUMENTATION_COMMENTS = YES;
				CLANG_WARN_EMPTY_BODY = YES;
				CLANG_WARN_ENUM_CONVERSION = YES;
				CLANG_WARN_INFINITE_RECURSION = YES;
				CLANG_WARN_INT_CONVERSION = YES;
				CLANG_WARN_NON_LITERAL_NULL_CONVERSION = YES;
				CLANG_WARN_OBJC_IMPLICIT_RETAIN_SELF = YES;
				CLANG_WARN_OBJC_LITERAL_CONVERSION = YES;
				CLANG_WARN_OBJC_ROOT_CLASS = YES_ERROR;
				CLANG_WARN_QUOTED_INCLUDE_IN_FRAMEWORK_HEADER = YES;
				CLANG_WARN_RANGE_LOOP_ANALYSIS = YES;
				CLANG_WARN_STRICT_PROTOTYPES = YES;
				CLANG_WARN_SUSPICIOUS_MOVE = YES;
				CLANG_WARN_UNGUARDED_AVAILABILITY = YES_AGGRESSIVE;
				CLANG_WARN_UNREACHABLE_CODE = YES;
				CLANG_WARN__DUPLICATE_METHOD_MATCH = YES;
				COPY_PHASE_STRIP = NO;
				DEBUG_INFORMATION_FORMAT = dwarf;
				ENABLE_STRICT_OBJC_MSGSEND = YES;
				ENABLE_TESTABILITY = YES;
				GCC_C_LANGUAGE_STANDARD = gnu11;
				GCC_DYNAMIC_NO_PIC = NO;
				GCC_NO_COMMON_BLOCKS = YES;
				GCC_OPTIMIZATION_LEVEL = 0;
				GCC_PREPROCESSOR_DEFINITIONS = (
					"DEBUG=1",
					"$(inherited)",
				);
				GCC_WARN_64_TO_32_BIT_CONVERSION = YES;
				GCC_WARN_ABOUT_RETURN_TYPE = YES_ERROR;
				GCC_WARN_UNDECLARED_SELECTOR = YES;
				GCC_WARN_UNINITIALIZED_AUTOS = YES_AGGRESSIVE;
				GCC_WARN_UNUSED_FUNCTION = YES;
				GCC_WARN_UNUSED_VARIABLE = YES;
				IPHONEOS_DEPLOYMENT_TARGET = 16.2;
				MTL_ENABLE_DEBUG_INFO = INCLUDE_SOURCE;
				MTL_FAST_MATH = YES;
				ONLY_ACTIVE_ARCH = YES;
				SDKROOT = iphoneos;
				SWIFT_ACTIVE_COMPILATION_CONDITIONS = DEBUG;
				SWIFT_OPTIMIZATION_LEVEL = "-Onone";
			};
			name = Debug;
		};
		96B66FDD29739A9A00363506 /* Release */ = {
			isa = XCBuildConfiguration;
			buildSettings = {
				ALWAYS_SEARCH_USER_PATHS = NO;
				CLANG_ANALYZER_NONNULL = YES;
				CLANG_ANALYZER_NUMBER_OBJECT_CONVERSION = YES_AGGRESSIVE;
				CLANG_CXX_LANGUAGE_STANDARD = "gnu++20";
				CLANG_ENABLE_MODULES = YES;
				CLANG_ENABLE_OBJC_ARC = YES;
				CLANG_ENABLE_OBJC_WEAK = YES;
				CLANG_WARN_BLOCK_CAPTURE_AUTORELEASING = YES;
				CLANG_WARN_BOOL_CONVERSION = YES;
				CLANG_WARN_COMMA = YES;
				CLANG_WARN_CONSTANT_CONVERSION = YES;
				CLANG_WARN_DEPRECATED_OBJC_IMPLEMENTATIONS = YES;
				CLANG_WARN_DIRECT_OBJC_ISA_USAGE = YES_ERROR;
				CLANG_WARN_DOCUMENTATION_COMMENTS = YES;
				CLANG_WARN_EMPTY_BODY = YES;
				CLANG_WARN_ENUM_CONVERSION = YES;
				CLANG_WARN_INFINITE_RECURSION = YES;
				CLANG_WARN_INT_CONVERSION = YES;
				CLANG_WARN_NON_LITERAL_NULL_CONVERSION = YES;
				CLANG_WARN_OBJC_IMPLICIT_RETAIN_SELF = YES;
				CLANG_WARN_OBJC_LITERAL_CONVERSION = YES;
				CLANG_WARN_OBJC_ROOT_CLASS = YES_ERROR;
				CLANG_WARN_QUOTED_INCLUDE_IN_FRAMEWORK_HEADER = YES;
				CLANG_WARN_RANGE_LOOP_ANALYSIS = YES;
				CLANG_WARN_STRICT_PROTOTYPES = YES;
				CLANG_WARN_SUSPICIOUS_MOVE = YES;
				CLANG_WARN_UNGUARDED_AVAILABILITY = YES_AGGRESSIVE;
				CLANG_WARN_UNREACHABLE_CODE = YES;
				CLANG_WARN__DUPLICATE_METHOD_MATCH = YES;
				COPY_PHASE_STRIP = NO;
				DEBUG_INFORMATION_FORMAT = "dwarf-with-dsym";
				ENABLE_NS_ASSERTIONS = NO;
				ENABLE_STRICT_OBJC_MSGSEND = YES;
				GCC_C_LANGUAGE_STANDARD = gnu11;
				GCC_NO_COMMON_BLOCKS = YES;
				GCC_WARN_64_TO_32_BIT_CONVERSION = YES;
				GCC_WARN_ABOUT_RETURN_TYPE = YES_ERROR;
				GCC_WARN_UNDECLARED_SELECTOR = YES;
				GCC_WARN_UNINITIALIZED_AUTOS = YES_AGGRESSIVE;
				GCC_WARN_UNUSED_FUNCTION = YES;
				GCC_WARN_UNUSED_VARIABLE = YES;
				IPHONEOS_DEPLOYMENT_TARGET = 16.2;
				MTL_ENABLE_DEBUG_INFO = NO;
				MTL_FAST_MATH = YES;
				SDKROOT = iphoneos;
				SWIFT_COMPILATION_MODE = wholemodule;
				SWIFT_OPTIMIZATION_LEVEL = "-O";
				VALIDATE_PRODUCT = YES;
			};
			name = Release;
		};
		96B66FDF29739A9A00363506 /* Debug */ = {
			isa = XCBuildConfiguration;
			buildSettings = {
				ASSETCATALOG_COMPILER_APPICON_NAME = AppIcon;
				ASSETCATALOG_COMPILER_GLOBAL_ACCENT_COLOR_NAME = AccentColor;
				CODE_SIGN_STYLE = Automatic;
				CURRENT_PROJECT_VERSION = 1;
				DEVELOPMENT_ASSET_PATHS = "\"Klima/Preview Content\"";
				DEVELOPMENT_TEAM = DHLQ6MC37N;
				ENABLE_PREVIEWS = YES;
				GENERATE_INFOPLIST_FILE = YES;
				INFOPLIST_KEY_UIApplicationSceneManifest_Generation = YES;
				INFOPLIST_KEY_UIApplicationSupportsIndirectInputEvents = YES;
				INFOPLIST_KEY_UILaunchScreen_Generation = YES;
				INFOPLIST_KEY_UISupportedInterfaceOrientations_iPad = "UIInterfaceOrientationPortrait UIInterfaceOrientationPortraitUpsideDown UIInterfaceOrientationLandscapeLeft UIInterfaceOrientationLandscapeRight";
				INFOPLIST_KEY_UISupportedInterfaceOrientations_iPhone = "UIInterfaceOrientationPortrait UIInterfaceOrientationLandscapeLeft UIInterfaceOrientationLandscapeRight";
				LD_RUNPATH_SEARCH_PATHS = (
					"$(inherited)",
					"@executable_path/Frameworks",
				);
				MARKETING_VERSION = 1.0;
				PRODUCT_BUNDLE_IDENTIFIER = com.habib.Klima;
				PRODUCT_NAME = "$(TARGET_NAME)";
				SWIFT_EMIT_LOC_STRINGS = YES;
				SWIFT_VERSION = 5.0;
				TARGETED_DEVICE_FAMILY = "1,2";
			};
			name = Debug;
		};
		96B66FE029739A9A00363506 /* Release */ = {
			isa = XCBuildConfiguration;
			buildSettings = {
				ASSETCATALOG_COMPILER_APPICON_NAME = AppIcon;
				ASSETCATALOG_COMPILER_GLOBAL_ACCENT_COLOR_NAME = AccentColor;
				CODE_SIGN_STYLE = Automatic;
				CURRENT_PROJECT_VERSION = 1;
				DEVELOPMENT_ASSET_PATHS = "\"Klima/Preview Content\"";
				DEVELOPMENT_TEAM = DHLQ6MC37N;
				ENABLE_PREVIEWS = YES;
				GENERATE_INFOPLIST_FILE = YES;
				INFOPLIST_KEY_UIApplicationSceneManifest_Generation = YES;
				INFOPLIST_KEY_UIApplicationSupportsIndirectInputEvents = YES;
				INFOPLIST_KEY_UILaunchScreen_Generation = YES;
				INFOPLIST_KEY_UISupportedInterfaceOrientations_iPad = "UIInterfaceOrientationPortrait UIInterfaceOrientationPortraitUpsideDown UIInterfaceOrientationLandscapeLeft UIInterfaceOrientationLandscapeRight";
				INFOPLIST_KEY_UISupportedInterfaceOrientations_iPhone = "UIInterfaceOrientationPortrait UIInterfaceOrientationLandscapeLeft UIInterfaceOrientationLandscapeRight";
				LD_RUNPATH_SEARCH_PATHS = (
					"$(inherited)",
					"@executable_path/Frameworks",
				);
				MARKETING_VERSION = 1.0;
				PRODUCT_BUNDLE_IDENTIFIER = com.habib.Klima;
				PRODUCT_NAME = "$(TARGET_NAME)";
				SWIFT_EMIT_LOC_STRINGS = YES;
				SWIFT_VERSION = 5.0;
				TARGETED_DEVICE_FAMILY = "1,2";
			};
			name = Release;
		};
		96B66FE229739A9A00363506 /* Debug */ = {
			isa = XCBuildConfiguration;
			buildSettings = {
				ALWAYS_EMBED_SWIFT_STANDARD_LIBRARIES = YES;
				BUNDLE_LOADER = "$(TEST_HOST)";
				CODE_SIGN_STYLE = Automatic;
				CURRENT_PROJECT_VERSION = 1;
				DEVELOPMENT_TEAM = DHLQ6MC37N;
				GENERATE_INFOPLIST_FILE = YES;
				IPHONEOS_DEPLOYMENT_TARGET = 16.2;
				MARKETING_VERSION = 1.0;
				PRODUCT_BUNDLE_IDENTIFIER = com.habib.KlimaTests;
				PRODUCT_NAME = "$(TARGET_NAME)";
				SWIFT_EMIT_LOC_STRINGS = NO;
				SWIFT_VERSION = 5.0;
				TARGETED_DEVICE_FAMILY = "1,2";
				TEST_HOST = "$(BUILT_PRODUCTS_DIR)/Klima.app/$(BUNDLE_EXECUTABLE_FOLDER_PATH)/Klima";
			};
			name = Debug;
		};
		96B66FE329739A9A00363506 /* Release */ = {
			isa = XCBuildConfiguration;
			buildSettings = {
				ALWAYS_EMBED_SWIFT_STANDARD_LIBRARIES = YES;
				BUNDLE_LOADER = "$(TEST_HOST)";
				CODE_SIGN_STYLE = Automatic;
				CURRENT_PROJECT_VERSION = 1;
				DEVELOPMENT_TEAM = DHLQ6MC37N;
				GENERATE_INFOPLIST_FILE = YES;
				IPHONEOS_DEPLOYMENT_TARGET = 16.2;
				MARKETING_VERSION = 1.0;
				PRODUCT_BUNDLE_IDENTIFIER = com.habib.KlimaTests;
				PRODUCT_NAME = "$(TARGET_NAME)";
				SWIFT_EMIT_LOC_STRINGS = NO;
				SWIFT_VERSION = 5.0;
				TARGETED_DEVICE_FAMILY = "1,2";
				TEST_HOST = "$(BUILT_PRODUCTS_DIR)/Klima.app/$(BUNDLE_EXECUTABLE_FOLDER_PATH)/Klima";
			};
			name = Release;
		};
		96B66FE529739A9A00363506 /* Debug */ = {
			isa = XCBuildConfiguration;
			buildSettings = {
				ALWAYS_EMBED_SWIFT_STANDARD_LIBRARIES = YES;
				CODE_SIGN_STYLE = Automatic;
				CURRENT_PROJECT_VERSION = 1;
				DEVELOPMENT_TEAM = DHLQ6MC37N;
				GENERATE_INFOPLIST_FILE = YES;
				MARKETING_VERSION = 1.0;
				PRODUCT_BUNDLE_IDENTIFIER = com.habib.KlimaUITests;
				PRODUCT_NAME = "$(TARGET_NAME)";
				SWIFT_EMIT_LOC_STRINGS = NO;
				SWIFT_VERSION = 5.0;
				TARGETED_DEVICE_FAMILY = "1,2";
				TEST_TARGET_NAME = Klima;
			};
			name = Debug;
		};
		96B66FE629739A9A00363506 /* Release */ = {
			isa = XCBuildConfiguration;
			buildSettings = {
				ALWAYS_EMBED_SWIFT_STANDARD_LIBRARIES = YES;
				CODE_SIGN_STYLE = Automatic;
				CURRENT_PROJECT_VERSION = 1;
				DEVELOPMENT_TEAM = DHLQ6MC37N;
				GENERATE_INFOPLIST_FILE = YES;
				MARKETING_VERSION = 1.0;
				PRODUCT_BUNDLE_IDENTIFIER = com.habib.KlimaUITests;
				PRODUCT_NAME = "$(TARGET_NAME)";
				SWIFT_EMIT_LOC_STRINGS = NO;
				SWIFT_VERSION = 5.0;
				TARGETED_DEVICE_FAMILY = "1,2";
				TEST_TARGET_NAME = Klima;
			};
			name = Release;
		};
/* End XCBuildConfiguration section */

/* Begin XCConfigurationList section */
		96B66FB529739A9600363506 /* Build configuration list for PBXProject "Klima" */ = {
			isa = XCConfigurationList;
			buildConfigurations = (
				96B66FDC29739A9A00363506 /* Debug */,
				96B66FDD29739A9A00363506 /* Release */,
			);
			defaultConfigurationIsVisible = 0;
			defaultConfigurationName = Release;
		};
		96B66FDE29739A9A00363506 /* Build configuration list for PBXNativeTarget "Klima" */ = {
			isa = XCConfigurationList;
			buildConfigurations = (
				96B66FDF29739A9A00363506 /* Debug */,
				96B66FE029739A9A00363506 /* Release */,
			);
			defaultConfigurationIsVisible = 0;
			defaultConfigurationName = Release;
		};
		96B66FE129739A9A00363506 /* Build configuration list for PBXNativeTarget "KlimaTests" */ = {
			isa = XCConfigurationList;
			buildConfigurations = (
				96B66FE229739A9A00363506 /* Debug */,
				96B66FE329739A9A00363506 /* Release */,
			);
			defaultConfigurationIsVisible = 0;
			defaultConfigurationName = Release;
		};
		96B66FE429739A9A00363506 /* Build configuration list for PBXNativeTarget "KlimaUITests" */ = {
			isa = XCConfigurationList;
			buildConfigurations = (
				96B66FE529739A9A00363506 /* Debug */,
				96B66FE629739A9A00363506 /* Release */,
			);
			defaultConfigurationIsVisible = 0;
			defaultConfigurationName = Release;
		};
/* End XCConfigurationList section */
	};
	rootObject = 96B66FB229739A9600363506 /* Project object */;
}
